
Microsoft Visual Studio Solution File, Format Version 12.00
# Visual Studio 15
VisualStudioVersion = 15.0.27625.0
MinimumVisualStudioVersion = 10.0.40219.1
Project("{9A19103F-16F7-4668-BE54-9A1E7A4F7556}") = "Sample", "src\Sample\Sample.csproj", "{8231EB29-F906-48F0-9C9A-BC1D1A9B0D44}"
EndProject
Project("{9A19103F-16F7-4668-BE54-9A1E7A4F7556}") = "BlazorLogger", "src\BlazorLogger\BlazorLogger.csproj", "{C4933CF9-E21B-4BAB-8B0F-A16618576F54}"
EndProject
Global
	GlobalSection(SolutionConfigurationPlatforms) = preSolution
		Debug|Any CPU = Debug|Any CPU
		Release|Any CPU = Release|Any CPU
	EndGlobalSection
	GlobalSection(ProjectConfigurationPlatforms) = postSolution
		{8231EB29-F906-48F0-9C9A-BC1D1A9B0D44}.Debug|Any CPU.ActiveCfg = Debug|Any CPU
		{8231EB29-F906-48F0-9C9A-BC1D1A9B0D44}.Debug|Any CPU.Build.0 = Debug|Any CPU
		{8231EB29-F906-48F0-9C9A-BC1D1A9B0D44}.Release|Any CPU.ActiveCfg = Release|Any CPU
		{8231EB29-F906-48F0-9C9A-BC1D1A9B0D44}.Release|Any CPU.Build.0 = Release|Any CPU
		{C4933CF9-E21B-4BAB-8B0F-A16618576F54}.Debug|Any CPU.ActiveCfg = Debug|Any CPU
		{C4933CF9-E21B-4BAB-8B0F-A16618576F54}.Debug|Any CPU.Build.0 = Debug|Any CPU
		{C4933CF9-E21B-4BAB-8B0F-A16618576F54}.Release|Any CPU.ActiveCfg = Release|Any CPU
		{C4933CF9-E21B-4BAB-8B0F-A16618576F54}.Release|Any CPU.Build.0 = Release|Any CPU
	EndGlobalSection
	GlobalSection(SolutionProperties) = preSolution
		HideSolutionNode = FALSE
	EndGlobalSection
	GlobalSection(ExtensibilityGlobals) = postSolution
		SolutionGuid = {BD78B441-700E-4F8C-8EA4-D3C485059989}
	EndGlobalSection
EndGlobal
